
Microsoft Visual Studio Solution File, Format Version 12.00
# Visual Studio Version 17
VisualStudioVersion = 17.9.34723.18
MinimumVisualStudioVersion = 10.0.40219.1
Project("{2150E333-8FDC-42A3-9474-1A3956D46DE8}") = "1 - Presentation", "1 - Presentation", "{8114F855-1F64-46C2-A27B-D79ECF026CC1}"
EndProject
Project("{2150E333-8FDC-42A3-9474-1A3956D46DE8}") = "2 - Application", "2 - Application", "{8754F4CB-925B-4E4D-94B7-A2A0B9F86A6C}"
EndProject
Project("{2150E333-8FDC-42A3-9474-1A3956D46DE8}") = "3 - Domain", "3 - Domain", "{36A2D8FE-B502-46B1-B5A4-3619A9035F93}"
EndProject
Project("{2150E333-8FDC-42A3-9474-1A3956D46DE8}") = "4 - Infra", "4 - Infra", "{91072B4B-5432-4B17-9360-D6163F8D5B8F}"
EndProject
Project("{2150E333-8FDC-42A3-9474-1A3956D46DE8}") = "5 - Tests", "5 - Tests", "{4E4F610E-D66A-4908-86C6-5C40FDCE098E}"
EndProject
Project("{9A19103F-16F7-4668-BE54-9A1E7A4F7556}") = "Magic8Ball.Application", "Magic8Ball.Application\Magic8Ball.Application.csproj", "{B4FDCB2F-44A2-4497-B103-1308AB243936}"
EndProject
Project("{9A19103F-16F7-4668-BE54-9A1E7A4F7556}") = "Magic8Ball.Domain", "Magic8Ball.Domain\Magic8Ball.Domain.csproj", "{B232616D-C4DD-47E2-9320-32240F8D03E3}"
EndProject
Project("{2150E333-8FDC-42A3-9474-1A3956D46DE8}") = "4.1 - Data", "4.1 - Data", "{FE8FEAEE-282A-4E79-A207-07747E37AC8F}"
EndProject
Project("{2150E333-8FDC-42A3-9474-1A3956D46DE8}") = "4.2 - IoC", "4.2 - IoC", "{4DCC0C6C-F031-456A-9AC4-146C7CB56DC3}"
EndProject
Project("{2150E333-8FDC-42A3-9474-1A3956D46DE8}") = "4.3 - ExternalServices", "4.3 - ExternalServices", "{875760BE-00D4-46CD-B3FB-DDD7DE7E70D0}"
EndProject
Project("{2150E333-8FDC-42A3-9474-1A3956D46DE8}") = "4.4 - Caching", "4.4 - Caching", "{7BB91346-5FDF-48D1-817E-BEFD57183BB3}"
EndProject
Project("{2150E333-8FDC-42A3-9474-1A3956D46DE8}") = "5.1 - Unit Tests", "5.1 - Unit Tests", "{1CDE6E6E-FFAD-484D-831D-44586DA3A695}"
EndProject
Project("{9A19103F-16F7-4668-BE54-9A1E7A4F7556}") = "Magic8Ball.Infra.Data", "Magic8Ball.Infra.Data\Magic8Ball.Infra.Data.csproj", "{34578F81-1691-42AC-A676-3DDFCD2ADC6B}"
EndProject
Project("{9A19103F-16F7-4668-BE54-9A1E7A4F7556}") = "Magic8Ball.Infra.IoC", "Magic8Ball.Infra.IoC\Magic8Ball.Infra.IoC.csproj", "{4354ED04-2AFB-4151-9485-1E088BFAA255}"
EndProject
Project("{9A19103F-16F7-4668-BE54-9A1E7A4F7556}") = "Magic8Ball.Infra.Caching", "Magic8Ball.Infra.Caching\Magic8Ball.Infra.Caching.csproj", "{743AB17D-616C-4718-85FD-0DC31B13E99B}"
EndProject
Project("{9A19103F-16F7-4668-BE54-9A1E7A4F7556}") = "Magic8Ball.Tests", "Magic8Ball.Tests\Magic8Ball.Tests.csproj", "{573294BC-77DC-43F1-AEB1-789489358A6A}"
EndProject
Project("{2150E333-8FDC-42A3-9474-1A3956D46DE8}") = "4.5 - IntegrationEvents", "4.5 - IntegrationEvents", "{AE9CE06F-09F4-4E33-913E-2002EC9C5A55}"
EndProject
Project("{9A19103F-16F7-4668-BE54-9A1E7A4F7556}") = "Magic8Ball.Infra.IntegrationEvents", "Magic8Ball.Infra.IntegrationEvents\Magic8Ball.Infra.IntegrationEvents.csproj", "{2E70781F-E18C-46AF-91FE-E5EEC9755F41}"
EndProject
Project("{9A19103F-16F7-4668-BE54-9A1E7A4F7556}") = "Magic8Ball.Api", "Magic8Ball.Api\Magic8Ball.Api.csproj", "{C2FD9A59-2C64-4AFE-BDA3-7B0A45621B51}"
EndProject
Global
	GlobalSection(SolutionConfigurationPlatforms) = preSolution
		Debug|Any CPU = Debug|Any CPU
		Release|Any CPU = Release|Any CPU
	EndGlobalSection
	GlobalSection(ProjectConfigurationPlatforms) = postSolution
		{B4FDCB2F-44A2-4497-B103-1308AB243936}.Debug|Any CPU.ActiveCfg = Debug|Any CPU
		{B4FDCB2F-44A2-4497-B103-1308AB243936}.Debug|Any CPU.Build.0 = Debug|Any CPU
		{B4FDCB2F-44A2-4497-B103-1308AB243936}.Release|Any CPU.ActiveCfg = Release|Any CPU
		{B4FDCB2F-44A2-4497-B103-1308AB243936}.Release|Any CPU.Build.0 = Release|Any CPU
		{B232616D-C4DD-47E2-9320-32240F8D03E3}.Debug|Any CPU.ActiveCfg = Debug|Any CPU
		{B232616D-C4DD-47E2-9320-32240F8D03E3}.Debug|Any CPU.Build.0 = Debug|Any CPU
		{B232616D-C4DD-47E2-9320-32240F8D03E3}.Release|Any CPU.ActiveCfg = Release|Any CPU
		{B232616D-C4DD-47E2-9320-32240F8D03E3}.Release|Any CPU.Build.0 = Release|Any CPU
		{34578F81-1691-42AC-A676-3DDFCD2ADC6B}.Debug|Any CPU.ActiveCfg = Debug|Any CPU
		{34578F81-1691-42AC-A676-3DDFCD2ADC6B}.Debug|Any CPU.Build.0 = Debug|Any CPU
		{34578F81-1691-42AC-A676-3DDFCD2ADC6B}.Release|Any CPU.ActiveCfg = Release|Any CPU
		{34578F81-1691-42AC-A676-3DDFCD2ADC6B}.Release|Any CPU.Build.0 = Release|Any CPU
		{4354ED04-2AFB-4151-9485-1E088BFAA255}.Debug|Any CPU.ActiveCfg = Debug|Any CPU
		{4354ED04-2AFB-4151-9485-1E088BFAA255}.Debug|Any CPU.Build.0 = Debug|Any CPU
		{4354ED04-2AFB-4151-9485-1E088BFAA255}.Release|Any CPU.ActiveCfg = Release|Any CPU
		{4354ED04-2AFB-4151-9485-1E088BFAA255}.Release|Any CPU.Build.0 = Release|Any CPU
		{743AB17D-616C-4718-85FD-0DC31B13E99B}.Debug|Any CPU.ActiveCfg = Debug|Any CPU
		{743AB17D-616C-4718-85FD-0DC31B13E99B}.Debug|Any CPU.Build.0 = Debug|Any CPU
		{743AB17D-616C-4718-85FD-0DC31B13E99B}.Release|Any CPU.ActiveCfg = Release|Any CPU
		{743AB17D-616C-4718-85FD-0DC31B13E99B}.Release|Any CPU.Build.0 = Release|Any CPU
		{573294BC-77DC-43F1-AEB1-789489358A6A}.Debug|Any CPU.ActiveCfg = Debug|Any CPU
		{573294BC-77DC-43F1-AEB1-789489358A6A}.Debug|Any CPU.Build.0 = Debug|Any CPU
		{573294BC-77DC-43F1-AEB1-789489358A6A}.Release|Any CPU.ActiveCfg = Release|Any CPU
		{573294BC-77DC-43F1-AEB1-789489358A6A}.Release|Any CPU.Build.0 = Release|Any CPU
		{2E70781F-E18C-46AF-91FE-E5EEC9755F41}.Debug|Any CPU.ActiveCfg = Debug|Any CPU
		{2E70781F-E18C-46AF-91FE-E5EEC9755F41}.Debug|Any CPU.Build.0 = Debug|Any CPU
		{2E70781F-E18C-46AF-91FE-E5EEC9755F41}.Release|Any CPU.ActiveCfg = Release|Any CPU
		{2E70781F-E18C-46AF-91FE-E5EEC9755F41}.Release|Any CPU.Build.0 = Release|Any CPU
		{C2FD9A59-2C64-4AFE-BDA3-7B0A45621B51}.Debug|Any CPU.ActiveCfg = Debug|Any CPU
		{C2FD9A59-2C64-4AFE-BDA3-7B0A45621B51}.Debug|Any CPU.Build.0 = Debug|Any CPU
		{C2FD9A59-2C64-4AFE-BDA3-7B0A45621B51}.Release|Any CPU.ActiveCfg = Release|Any CPU
		{C2FD9A59-2C64-4AFE-BDA3-7B0A45621B51}.Release|Any CPU.Build.0 = Release|Any CPU
	EndGlobalSection
	GlobalSection(SolutionProperties) = preSolution
		HideSolutionNode = FALSE
	EndGlobalSection
	GlobalSection(NestedProjects) = preSolution
		{B4FDCB2F-44A2-4497-B103-1308AB243936} = {8754F4CB-925B-4E4D-94B7-A2A0B9F86A6C}
		{B232616D-C4DD-47E2-9320-32240F8D03E3} = {36A2D8FE-B502-46B1-B5A4-3619A9035F93}
		{FE8FEAEE-282A-4E79-A207-07747E37AC8F} = {91072B4B-5432-4B17-9360-D6163F8D5B8F}
		{4DCC0C6C-F031-456A-9AC4-146C7CB56DC3} = {91072B4B-5432-4B17-9360-D6163F8D5B8F}
		{875760BE-00D4-46CD-B3FB-DDD7DE7E70D0} = {91072B4B-5432-4B17-9360-D6163F8D5B8F}
		{7BB91346-5FDF-48D1-817E-BEFD57183BB3} = {91072B4B-5432-4B17-9360-D6163F8D5B8F}
		{1CDE6E6E-FFAD-484D-831D-44586DA3A695} = {4E4F610E-D66A-4908-86C6-5C40FDCE098E}
		{34578F81-1691-42AC-A676-3DDFCD2ADC6B} = {FE8FEAEE-282A-4E79-A207-07747E37AC8F}
		{4354ED04-2AFB-4151-9485-1E088BFAA255} = {4DCC0C6C-F031-456A-9AC4-146C7CB56DC3}
		{743AB17D-616C-4718-85FD-0DC31B13E99B} = {7BB91346-5FDF-48D1-817E-BEFD57183BB3}
		{573294BC-77DC-43F1-AEB1-789489358A6A} = {1CDE6E6E-FFAD-484D-831D-44586DA3A695}
		{AE9CE06F-09F4-4E33-913E-2002EC9C5A55} = {91072B4B-5432-4B17-9360-D6163F8D5B8F}
		{2E70781F-E18C-46AF-91FE-E5EEC9755F41} = {AE9CE06F-09F4-4E33-913E-2002EC9C5A55}
		{C2FD9A59-2C64-4AFE-BDA3-7B0A45621B51} = {8114F855-1F64-46C2-A27B-D79ECF026CC1}
	EndGlobalSection
	GlobalSection(ExtensibilityGlobals) = postSolution
		SolutionGuid = {EA45AD0B-585B-4370-B9DD-4B9965827CAE}
	EndGlobalSection
EndGlobal
